<?xml version="1.0" encoding="utf-8"?>
<Project ToolsVersion="4.0" xmlns="http://schemas.microsoft.com/developer/msbuild/2003">
  <ItemGroup>
    <Filter Include="Source Files">
      <UniqueIdentifier>{4FC737F1-C7A5-4376-A066-2A32D752A2FF}</UniqueIdentifier>
      <Extensions>cpp;c;cc;cxx;def;odl;idl;hpj;bat;asm;asmx</Extensions>
    </Filter>
    <Filter Include="Header Files">
      <UniqueIdentifier>{93995380-89BD-4b04-88EB-625FBE52EBFB}</UniqueIdentifier>
      <Extensions>h;hh;hpp;hxx;hm;inl;inc;xsd</Extensions>
    </Filter>
    <Filter Include="Resource Files">
      <UniqueIdentifier>{67DA6AB6-F800-4c08-8B7A-83BB121AAD01}</UniqueIdentifier>
      <Extensions>rc;ico;cur;bmp;dlg;rc2;rct;bin;rgs;gif;jpg;jpeg;jpe;resx;tiff;tif;png;wav;mfcribbon-ms</Extensions>
    </Filter>
    <Filter Include="Source Files\Framework">
      <UniqueIdentifier>{fa8eded7-271e-44c3-a85a-f95084531bb7}</UniqueIdentifier>
    </Filter>
    <Filter Include="Source Files\GUI">
      <UniqueIdentifier>{577b112e-df9d-4cf0-807f-5aba5c9e2111}</UniqueIdentifier>
    </Filter>
    <Filter Include="Source Files\Stats">
      <UniqueIdentifier>{de6a6bc5-b6f0-4f47-8f7a-ecf8065910ba}</UniqueIdentifier>
    </Filter>
    <Filter Include="Source Files\Simulation">
      <UniqueIdentifier>{5d022b31-21e8-4c6a-b215-5703eb471af2}</UniqueIdentifier>
    </Filter>
    <Filter Include="Source Files\Simulation\ControlStrategies">
      <UniqueIdentifier>{1a9035e7-683d-458c-bf09-7f7c1c3c3448}</UniqueIdentifier>
    </Filter>
    <Filter Include="Source Files\Resources">
      <UniqueIdentifier>{18fa2275-d965-4942-ba2c-cf1510ad8d3b}</UniqueIdentifier>
    </Filter>
    <Filter Include="YAML">
      <UniqueIdentifier>{ebf287bf-f760-4cdd-8cc9-a19a35cb55c6}</UniqueIdentifier>
    </Filter>
    <Filter Include="Header Files\Framework">
      <UniqueIdentifier>{f5c1e0ef-39ff-452b-896f-d1869683276b}</UniqueIdentifier>
    </Filter>
    <Filter Include="Header Files\GUI">
      <UniqueIdentifier>{023d7dca-dcde-460c-a807-2be72bf83c95}</UniqueIdentifier>
    </Filter>
    <Filter Include="Header Files\Simulation">
      <UniqueIdentifier>{5656d652-f7d3-4726-af50-a21eba449afb}</UniqueIdentifier>
    </Filter>
    <Filter Include="Header Files\Stats">
      <UniqueIdentifier>{2305d86f-4993-458a-b7ed-5a556d82d8aa}</UniqueIdentifier>
    </Filter>
    <Filter Include="Header Files\Simulation\ControlStrategies">
      <UniqueIdentifier>{170eb183-bc4e-477a-b2cf-d045769d07ad}</UniqueIdentifier>
    </Filter>
  </ItemGroup>
  <ItemGroup>
    <Text Include="ReadMe.txt" />
  </ItemGroup>
  <ItemGroup>
    <ClInclude Include="targetver.h">
      <Filter>Header Files</Filter>
    </ClInclude>
    <ClInclude Include="src\ResourceManager.h">
      <Filter>Source Files\Resources</Filter>
    </ClInclude>
    <ClInclude Include="src\YAMLConverters.h">
      <Filter>Source Files\Resources</Filter>
    </ClInclude>
    <ClInclude Include="src\MainState.h">
      <Filter>Header Files\Framework</Filter>
    </ClInclude>
    <ClInclude Include="src\MenuState.h">
      <Filter>Header Files\Framework</Filter>
    </ClInclude>
    <ClInclude Include="src\SimEngine.h">
      <Filter>Header Files\Framework</Filter>
    </ClInclude>
    <ClInclude Include="src\SimState.h">
      <Filter>Header Files\Framework</Filter>
    </ClInclude>
    <ClInclude Include="src\WMState.h">
      <Filter>Header Files\Framework</Filter>
    </ClInclude>
    <ClInclude Include="src\GfxCmds.h">
      <Filter>Header Files\GUI</Filter>
    </ClInclude>
    <ClInclude Include="src\GUIRenderer.h">
      <Filter>Header Files\GUI</Filter>
    </ClInclude>
    <ClInclude Include="src\imgui.h">
      <Filter>Header Files\GUI</Filter>
    </ClInclude>
    <ClInclude Include="src\Boundary.h">
      <Filter>Header Files\Simulation</Filter>
    </ClInclude>
    <ClInclude Include="src\Camera.h">
      <Filter>Header Files\Simulation</Filter>
    </ClInclude>
    <ClInclude Include="src\LightSensor.h">
      <Filter>Header Files\Simulation</Filter>
    </ClInclude>
    <ClInclude Include="src\LightSource.h">
      <Filter>Header Files\Simulation</Filter>
    </ClInclude>
    <ClInclude Include="src\SimObject.h">
      <Filter>Header Files\Simulation</Filter>
    </ClInclude>
    <ClInclude Include="src\Vehicle.h">
      <Filter>Header Files\Simulation</Filter>
    </ClInclude>
    <ClInclude Include="src\ControlStrategy.h">
      <Filter>Header Files\Simulation\ControlStrategies</Filter>
    </ClInclude>
    <ClInclude Include="src\CrossedCSLStrategy.h">
      <Filter>Header Files\Simulation\ControlStrategies</Filter>
    </ClInclude>
    <ClInclude Include="src\CSL.h">
      <Filter>Header Files\Simulation\ControlStrategies</Filter>
    </ClInclude>
    <ClInclude Include="src\CSL2.h">
      <Filter>Header Files\Simulation\ControlStrategies</Filter>
    </ClInclude>
    <ClInclude Include="src\CSL2Strategy.h">
      <Filter>Header Files\Simulation\ControlStrategies</Filter>
    </ClInclude>
    <ClInclude Include="src\CSLStrategy.h">
      <Filter>Header Files\Simulation\ControlStrategies</Filter>
    </ClInclude>
    <ClInclude Include="src\SingleCSLStrategy.h">
      <Filter>Header Files\Simulation\ControlStrategies</Filter>
    </ClInclude>
    <ClInclude Include="src\Strategies.h">
      <Filter>Header Files\Simulation\ControlStrategies</Filter>
    </ClInclude>
    <ClInclude Include="src\ThreeAStrategy.h">
      <Filter>Header Files\Simulation\ControlStrategies</Filter>
    </ClInclude>
    <ClInclude Include="src\ThreeBStrategy.h">
      <Filter>Header Files\Simulation\ControlStrategies</Filter>
    </ClInclude>
    <ClInclude Include="src\TwoAStrategy.h">
      <Filter>Header Files\Simulation\ControlStrategies</Filter>
    </ClInclude>
    <ClInclude Include="src\TwoBStrategy.h">
      <Filter>Header Files\Simulation\ControlStrategies</Filter>
    </ClInclude>
    <ClInclude Include="src\AutocorrelationProcessor.h">
      <Filter>Header Files\Stats</Filter>
    </ClInclude>
    <ClInclude Include="src\DiscreteCosineProcessor.h">
      <Filter>Header Files\Stats</Filter>
    </ClInclude>
    <ClInclude Include="src\FixedWatcher.h">
      <Filter>Header Files\Stats</Filter>
    </ClInclude>
    <ClInclude Include="src\PeriodicityDetectionProcessor.h">
      <Filter>Header Files\Stats</Filter>
    </ClInclude>
    <ClInclude Include="src\Processor.h">
      <Filter>Header Files\Stats</Filter>
    </ClInclude>
    <ClInclude Include="src\Statistic.h">
      <Filter>Header Files\Stats</Filter>
    </ClInclude>
    <ClInclude Include="src\Statistics.h">
      <Filter>Header Files\Stats</Filter>
    </ClInclude>
    <ClInclude Include="src\StatisticsManager.h">
      <Filter>Header Files\Stats</Filter>
    </ClInclude>
    <ClInclude Include="src\Watcher.h">
      <Filter>Header Files\Stats</Filter>
    </ClInclude>
    <ClInclude Include="src\BaseUISettings.h">
      <Filter>Header Files</Filter>
    </ClInclude>
    <ClInclude Include="src\DataRecorder.h">
      <Filter>Header Files</Filter>
    </ClInclude>
    <ClInclude Include="src\IRenderable.h">
      <Filter>Header Files</Filter>
    </ClInclude>
    <ClInclude Include="src\LightRayCastCallback.h">
      <Filter>Header Files</Filter>
    </ClInclude>
    <ClInclude Include="src\MathUtils.h">
      <Filter>Header Files</Filter>
    </ClInclude>
    <ClInclude Include="src\Raycaster.h">
      <Filter>Header Files</Filter>
    </ClInclude>
    <ClInclude Include="src\Rectangle.h">
      <Filter>Header Files</Filter>
    </ClInclude>
    <ClInclude Include="src\Renderer.h">
      <Filter>Header Files</Filter>
    </ClInclude>
    <ClInclude Include="src\Scene.h">
      <Filter>Header Files</Filter>
    </ClInclude>
    <ClInclude Include="src\SimObjectInfo.h">
      <Filter>Header Files</Filter>
    </ClInclude>
    <ClInclude Include="src\stb_truetype.h">
      <Filter>Header Files</Filter>
    </ClInclude>
    <ClInclude Include="src\Triangulate.h">
      <Filter>Header Files</Filter>
    </ClInclude>
    <ClInclude Include="src\NoVisualisationState.h">
      <Filter>Header Files\Framework</Filter>
    </ClInclude>
    <ClInclude Include="src\SimManager.h">
      <Filter>Header Files\Simulation</Filter>
    </ClInclude>
    <ClInclude Include="src\VehicleMonitor.h">
      <Filter>Header Files\Stats</Filter>
    </ClInclude>
    <ClInclude Include="src\UIManager.h">
      <Filter>Header Files\GUI</Filter>
    </ClInclude>
  </ItemGroup>
  <ItemGroup>
    <ClCompile Include="BraitenbergSimulator.cpp">
      <Filter>Source Files\Framework</Filter>
    </ClCompile>
    <ClCompile Include="src\MainState.cpp">
      <Filter>Source Files\Framework</Filter>
    </ClCompile>
    <ClCompile Include="src\MenuState.cpp">
      <Filter>Source Files\Framework</Filter>
    </ClCompile>
    <ClCompile Include="src\nanovg.cpp">
      <Filter>Source Files\Framework</Filter>
    </ClCompile>
    <ClCompile Include="src\SimEngine.cpp">
      <Filter>Source Files\Framework</Filter>
    </ClCompile>
    <ClCompile Include="src\SimState.cpp">
      <Filter>Source Files\Framework</Filter>
    </ClCompile>
    <ClCompile Include="src\imgui.cpp">
      <Filter>Source Files\GUI</Filter>
    </ClCompile>
    <ClCompile Include="src\Rectangle.cpp">
      <Filter>Source Files</Filter>
    </ClCompile>
    <ClCompile Include="src\GfxCmds.cpp">
      <Filter>Source Files\GUI</Filter>
    </ClCompile>
    <ClCompile Include="src\GUIRenderer.cpp">
      <Filter>Source Files\GUI</Filter>
    </ClCompile>
    <ClCompile Include="src\DataRecorder.cpp">
      <Filter>Source Files</Filter>
    </ClCompile>
    <ClCompile Include="src\LightRayCastCallback.cpp">
      <Filter>Source Files</Filter>
    </ClCompile>
    <ClCompile Include="src\MathUtils.cpp">
      <Filter>Source Files</Filter>
    </ClCompile>
    <ClCompile Include="src\Raycaster.cpp">
      <Filter>Source Files</Filter>
    </ClCompile>
    <ClCompile Include="src\Renderer.cpp">
      <Filter>Source Files</Filter>
    </ClCompile>
    <ClCompile Include="src\Triangulate.cpp">
      <Filter>Source Files</Filter>
    </ClCompile>
    <ClCompile Include="src\AutocorrelationProcessor.cpp">
      <Filter>Source Files\Stats</Filter>
    </ClCompile>
    <ClCompile Include="src\Statistic.cpp">
      <Filter>Source Files\Stats</Filter>
    </ClCompile>
    <ClCompile Include="src\StatisticsManager.cpp">
      <Filter>Source Files\Stats</Filter>
    </ClCompile>
    <ClCompile Include="src\Watcher.cpp">
      <Filter>Source Files\Stats</Filter>
    </ClCompile>
    <ClCompile Include="src\ControlStrategy.cpp">
      <Filter>Source Files\Simulation\ControlStrategies</Filter>
    </ClCompile>
    <ClCompile Include="src\CrossedCSLStrategy.cpp">
      <Filter>Source Files\Simulation\ControlStrategies</Filter>
    </ClCompile>
    <ClCompile Include="src\CSL.cpp">
      <Filter>Source Files\Simulation\ControlStrategies</Filter>
    </ClCompile>
    <ClCompile Include="src\CSL2.cpp">
      <Filter>Source Files\Simulation\ControlStrategies</Filter>
    </ClCompile>
    <ClCompile Include="src\CSL2Strategy.cpp">
      <Filter>Source Files\Simulation\ControlStrategies</Filter>
    </ClCompile>
    <ClCompile Include="src\CSLStrategy.cpp">
      <Filter>Source Files\Simulation\ControlStrategies</Filter>
    </ClCompile>
    <ClCompile Include="src\TwoAStrategy.cpp">
      <Filter>Source Files\Simulation\ControlStrategies</Filter>
    </ClCompile>
    <ClCompile Include="src\TwoBStrategy.cpp">
      <Filter>Source Files\Simulation\ControlStrategies</Filter>
    </ClCompile>
    <ClCompile Include="src\DiscreteCosineProcessor.cpp">
      <Filter>Source Files\Stats</Filter>
    </ClCompile>
    <ClCompile Include="src\PeriodicityDetectionProcessor.cpp">
      <Filter>Source Files\Stats</Filter>
    </ClCompile>
    <ClCompile Include="src\FixedWatcher.cpp">
      <Filter>Source Files\Stats</Filter>
    </ClCompile>
    <ClCompile Include="src\SingleCSLStrategy.cpp">
      <Filter>Source Files\Simulation\ControlStrategies</Filter>
    </ClCompile>
    <ClCompile Include="src\Processor.cpp">
      <Filter>Source Files\Stats</Filter>
    </ClCompile>
    <ClCompile Include="src\Vehicle.cpp">
      <Filter>Source Files\Simulation</Filter>
    </ClCompile>
    <ClCompile Include="src\SimObject.cpp">
      <Filter>Source Files\Simulation</Filter>
    </ClCompile>
    <ClCompile Include="src\LightSensor.cpp">
      <Filter>Source Files\Simulation</Filter>
    </ClCompile>
    <ClCompile Include="src\LightSource.cpp">
      <Filter>Source Files\Simulation</Filter>
    </ClCompile>
    <ClCompile Include="src\ResourceManager.cpp">
      <Filter>Source Files\Resources</Filter>
    </ClCompile>
    <ClCompile Include="src\Camera.cpp">
      <Filter>Source Files\Simulation</Filter>
    </ClCompile>
    <ClCompile Include="src\Boundary.cpp">
      <Filter>Source Files\Simulation</Filter>
    </ClCompile>
    <ClCompile Include="src\ThreeAStrategy.cpp">
      <Filter>Source Files\Simulation\ControlStrategies</Filter>
    </ClCompile>
    <ClCompile Include="src\ThreeBStrategy.cpp">
      <Filter>Source Files\Simulation\ControlStrategies</Filter>
    </ClCompile>
    <ClCompile Include="src\NoVisualisationState.cpp">
      <Filter>Source Files\Framework</Filter>
    </ClCompile>
    <ClCompile Include="src\SimManager.cpp">
      <Filter>Source Files\Simulation</Filter>
    </ClCompile>
    <ClCompile Include="src\UIManager.cpp">
      <Filter>Source Files\GUI</Filter>
    </ClCompile>
  </ItemGroup>
  <ItemGroup>
    <None Include="ClassDiagram.cd" />
    <None Include="yaml\testScene.yaml">
      <Filter>YAML</Filter>
    </None>
  </ItemGroup>
  <ItemGroup>
    <CustomBuild Include="libfftw3-3.ref" />
  </ItemGroup>
</Project>